
Microsoft Visual Studio Solution File, Format Version 12.00
# Visual Studio Version 17
VisualStudioVersion = 17.12.35527.113 d17.12
MinimumVisualStudioVersion = 10.0.40219.1
Project("{FAE04EC0-301F-11D3-BF4B-00C04F79EFBC}") = "ASPNetCoreAPIAURD", "ASPNetCoreAPIAURD\ASPNetCoreAPIAURD.csproj", "{02E25FCD-97FE-4F1F-9412-110D17BD6091}"
EndProject
Global
	GlobalSection(SolutionConfigurationPlatforms) = preSolution
		Debug|Any CPU = Debug|Any CPU
		Release|Any CPU = Release|Any CPU
	EndGlobalSection
	GlobalSection(ProjectConfigurationPlatforms) = postSolution
		{02E25FCD-97FE-4F1F-9412-110D17BD6091}.Debug|Any CPU.ActiveCfg = Debug|Any CPU
		{02E25FCD-97FE-4F1F-9412-110D17BD6091}.Debug|Any CPU.Build.0 = Debug|Any CPU
		{02E25FCD-97FE-4F1F-9412-110D17BD6091}.Release|Any CPU.ActiveCfg = Release|Any CPU
		{02E25FCD-97FE-4F1F-9412-110D17BD6091}.Release|Any CPU.Build.0 = Release|Any CPU
	EndGlobalSection
	GlobalSection(SolutionProperties) = preSolution
		HideSolutionNode = FALSE
	EndGlobalSection
EndGlobal
