
Microsoft Visual Studio Solution File, Format Version 12.00
# Visual Studio Version 17
VisualStudioVersion = 17.12.35527.113 d17.12
MinimumVisualStudioVersion = 10.0.40219.1
Project("{FAE04EC0-301F-11D3-BF4B-00C04F79EFBC}") = "ConsoleApp1", "ConsoleApp1\ConsoleApp1.csproj", "{E9572842-07D4-44A4-95A7-AA114C24AD2C}"
EndProject
Project("{FAE04EC0-301F-11D3-BF4B-00C04F79EFBC}") = "Interface_Invoke", "Interface_Invoke\Interface_Invoke.csproj", "{3E14B98A-567D-4902-9F16-9E71E5DF1C91}"
EndProject
Global
	GlobalSection(SolutionConfigurationPlatforms) = preSolution
		Debug|Any CPU = Debug|Any CPU
		Release|Any CPU = Release|Any CPU
	EndGlobalSection
	GlobalSection(ProjectConfigurationPlatforms) = postSolution
		{E9572842-07D4-44A4-95A7-AA114C24AD2C}.Debug|Any CPU.ActiveCfg = Debug|Any CPU
		{E9572842-07D4-44A4-95A7-AA114C24AD2C}.Debug|Any CPU.Build.0 = Debug|Any CPU
		{E9572842-07D4-44A4-95A7-AA114C24AD2C}.Release|Any CPU.ActiveCfg = Release|Any CPU
		{E9572842-07D4-44A4-95A7-AA114C24AD2C}.Release|Any CPU.Build.0 = Release|Any CPU
		{3E14B98A-567D-4902-9F16-9E71E5DF1C91}.Debug|Any CPU.ActiveCfg = Debug|Any CPU
		{3E14B98A-567D-4902-9F16-9E71E5DF1C91}.Debug|Any CPU.Build.0 = Debug|Any CPU
		{3E14B98A-567D-4902-9F16-9E71E5DF1C91}.Release|Any CPU.ActiveCfg = Release|Any CPU
		{3E14B98A-567D-4902-9F16-9E71E5DF1C91}.Release|Any CPU.Build.0 = Release|Any CPU
	EndGlobalSection
	GlobalSection(SolutionProperties) = preSolution
		HideSolutionNode = FALSE
	EndGlobalSection
EndGlobal
