
Microsoft Visual Studio Solution File, Format Version 12.00
# Visual Studio Version 17
VisualStudioVersion = 17.12.35527.113 d17.12
MinimumVisualStudioVersion = 10.0.40219.1
Project("{FAE04EC0-301F-11D3-BF4B-00C04F79EFBC}") = "ConsoleApp1", "ConsoleApp1\ConsoleApp1.csproj", "{6A7A2BEE-74E5-48FE-9A4E-68372E9E96BF}"
EndProject
Project("{FAE04EC0-301F-11D3-BF4B-00C04F79EFBC}") = "CallByReferences", "CallByReferences\CallByReferences.csproj", "{C9449012-2317-40D2-9CB2-BD7BE68F142F}"
EndProject
Project("{FAE04EC0-301F-11D3-BF4B-00C04F79EFBC}") = "StringBuilder", "StringBuilder\StringBuilder.csproj", "{BBC01280-FAFB-43FD-95AB-90EAA41CD291}"
EndProject
Project("{FAE04EC0-301F-11D3-BF4B-00C04F79EFBC}") = "INTERFACES", "INTERFACES\INTERFACES.csproj", "{54A2F7CB-934B-4620-9BF8-8C6945D2AAF5}"
EndProject
Project("{FAE04EC0-301F-11D3-BF4B-00C04F79EFBC}") = "CollectionsinC#", "CollectionsinC#\CollectionsinC#.csproj", "{F231A8A0-2E41-4260-A3F6-CD5EA667CEF8}"
EndProject
Project("{FAE04EC0-301F-11D3-BF4B-00C04F79EFBC}") = "SecondHighestNo", "SecondHighestNo\SecondHighestNo.csproj", "{DE8D34E9-CA71-4D2A-98A0-9F6B7F91EAA4}"
EndProject
Project("{FAE04EC0-301F-11D3-BF4B-00C04F79EFBC}") = "GenericCollection", "GenericCollection\GenericCollection.csproj", "{23464361-20BF-4FE5-A319-5C9527FFD29F}"
EndProject
Project("{FAE04EC0-301F-11D3-BF4B-00C04F79EFBC}") = "RemoveDuplicatesArray", "RemoveDuplicatesArray\RemoveDuplicatesArray.csproj", "{5BCBBAEE-D28E-4E93-8408-C2FF510C2197}"
EndProject
Global
	GlobalSection(SolutionConfigurationPlatforms) = preSolution
		Debug|Any CPU = Debug|Any CPU
		Release|Any CPU = Release|Any CPU
	EndGlobalSection
	GlobalSection(ProjectConfigurationPlatforms) = postSolution
		{6A7A2BEE-74E5-48FE-9A4E-68372E9E96BF}.Debug|Any CPU.ActiveCfg = Debug|Any CPU
		{6A7A2BEE-74E5-48FE-9A4E-68372E9E96BF}.Debug|Any CPU.Build.0 = Debug|Any CPU
		{6A7A2BEE-74E5-48FE-9A4E-68372E9E96BF}.Release|Any CPU.ActiveCfg = Release|Any CPU
		{6A7A2BEE-74E5-48FE-9A4E-68372E9E96BF}.Release|Any CPU.Build.0 = Release|Any CPU
		{C9449012-2317-40D2-9CB2-BD7BE68F142F}.Debug|Any CPU.ActiveCfg = Debug|Any CPU
		{C9449012-2317-40D2-9CB2-BD7BE68F142F}.Debug|Any CPU.Build.0 = Debug|Any CPU
		{C9449012-2317-40D2-9CB2-BD7BE68F142F}.Release|Any CPU.ActiveCfg = Release|Any CPU
		{C9449012-2317-40D2-9CB2-BD7BE68F142F}.Release|Any CPU.Build.0 = Release|Any CPU
		{BBC01280-FAFB-43FD-95AB-90EAA41CD291}.Debug|Any CPU.ActiveCfg = Debug|Any CPU
		{BBC01280-FAFB-43FD-95AB-90EAA41CD291}.Debug|Any CPU.Build.0 = Debug|Any CPU
		{BBC01280-FAFB-43FD-95AB-90EAA41CD291}.Release|Any CPU.ActiveCfg = Release|Any CPU
		{BBC01280-FAFB-43FD-95AB-90EAA41CD291}.Release|Any CPU.Build.0 = Release|Any CPU
		{54A2F7CB-934B-4620-9BF8-8C6945D2AAF5}.Debug|Any CPU.ActiveCfg = Debug|Any CPU
		{54A2F7CB-934B-4620-9BF8-8C6945D2AAF5}.Debug|Any CPU.Build.0 = Debug|Any CPU
		{54A2F7CB-934B-4620-9BF8-8C6945D2AAF5}.Release|Any CPU.ActiveCfg = Release|Any CPU
		{54A2F7CB-934B-4620-9BF8-8C6945D2AAF5}.Release|Any CPU.Build.0 = Release|Any CPU
		{F231A8A0-2E41-4260-A3F6-CD5EA667CEF8}.Debug|Any CPU.ActiveCfg = Debug|Any CPU
		{F231A8A0-2E41-4260-A3F6-CD5EA667CEF8}.Debug|Any CPU.Build.0 = Debug|Any CPU
		{F231A8A0-2E41-4260-A3F6-CD5EA667CEF8}.Release|Any CPU.ActiveCfg = Release|Any CPU
		{F231A8A0-2E41-4260-A3F6-CD5EA667CEF8}.Release|Any CPU.Build.0 = Release|Any CPU
		{DE8D34E9-CA71-4D2A-98A0-9F6B7F91EAA4}.Debug|Any CPU.ActiveCfg = Debug|Any CPU
		{DE8D34E9-CA71-4D2A-98A0-9F6B7F91EAA4}.Debug|Any CPU.Build.0 = Debug|Any CPU
		{DE8D34E9-CA71-4D2A-98A0-9F6B7F91EAA4}.Release|Any CPU.ActiveCfg = Release|Any CPU
		{DE8D34E9-CA71-4D2A-98A0-9F6B7F91EAA4}.Release|Any CPU.Build.0 = Release|Any CPU
		{23464361-20BF-4FE5-A319-5C9527FFD29F}.Debug|Any CPU.ActiveCfg = Debug|Any CPU
		{23464361-20BF-4FE5-A319-5C9527FFD29F}.Debug|Any CPU.Build.0 = Debug|Any CPU
		{23464361-20BF-4FE5-A319-5C9527FFD29F}.Release|Any CPU.ActiveCfg = Release|Any CPU
		{23464361-20BF-4FE5-A319-5C9527FFD29F}.Release|Any CPU.Build.0 = Release|Any CPU
		{5BCBBAEE-D28E-4E93-8408-C2FF510C2197}.Debug|Any CPU.ActiveCfg = Debug|Any CPU
		{5BCBBAEE-D28E-4E93-8408-C2FF510C2197}.Debug|Any CPU.Build.0 = Debug|Any CPU
		{5BCBBAEE-D28E-4E93-8408-C2FF510C2197}.Release|Any CPU.ActiveCfg = Release|Any CPU
		{5BCBBAEE-D28E-4E93-8408-C2FF510C2197}.Release|Any CPU.Build.0 = Release|Any CPU
	EndGlobalSection
	GlobalSection(SolutionProperties) = preSolution
		HideSolutionNode = FALSE
	EndGlobalSection
EndGlobal
