
Microsoft Visual Studio Solution File, Format Version 12.00
# Visual Studio Version 17
VisualStudioVersion = 17.12.35527.113 d17.12
MinimumVisualStudioVersion = 10.0.40219.1
Project("{2150E333-8FDC-42A3-9474-1A3956D46DE8}") = "FrontEnd", "FrontEnd", "{E2AE536B-9649-4FEB-854B-3B0F234E7197}"
EndProject
Project("{2150E333-8FDC-42A3-9474-1A3956D46DE8}") = "Gateway", "Gateway", "{81097904-680C-4A74-9C0F-0FCB8696CF43}"
EndProject
Project("{2150E333-8FDC-42A3-9474-1A3956D46DE8}") = "Integration", "Integration", "{558B85CD-F748-4EF5-BB79-FBD20F7FC852}"
EndProject
Project("{2150E333-8FDC-42A3-9474-1A3956D46DE8}") = "Services", "Services", "{497E540D-B553-4CEA-AB0C-AE8D048AF43C}"
EndProject
Project("{FAE04EC0-301F-11D3-BF4B-00C04F79EFBC}") = "Mango.Services.CuponAPI", "Mango.Services.CuponAPI\Mango.Services.CuponAPI.csproj", "{F4FAF0CC-675D-4875-93DD-17994A21486B}"
EndProject
Global
	GlobalSection(SolutionConfigurationPlatforms) = preSolution
		Debug|Any CPU = Debug|Any CPU
		Release|Any CPU = Release|Any CPU
	EndGlobalSection
	GlobalSection(ProjectConfigurationPlatforms) = postSolution
		{F4FAF0CC-675D-4875-93DD-17994A21486B}.Debug|Any CPU.ActiveCfg = Debug|Any CPU
		{F4FAF0CC-675D-4875-93DD-17994A21486B}.Debug|Any CPU.Build.0 = Debug|Any CPU
		{F4FAF0CC-675D-4875-93DD-17994A21486B}.Release|Any CPU.ActiveCfg = Release|Any CPU
		{F4FAF0CC-675D-4875-93DD-17994A21486B}.Release|Any CPU.Build.0 = Release|Any CPU
	EndGlobalSection
	GlobalSection(SolutionProperties) = preSolution
		HideSolutionNode = FALSE
	EndGlobalSection
	GlobalSection(NestedProjects) = preSolution
		{F4FAF0CC-675D-4875-93DD-17994A21486B} = {497E540D-B553-4CEA-AB0C-AE8D048AF43C}
	EndGlobalSection
EndGlobal
